
Microsoft Visual Studio Solution File, Format Version 12.00
# Visual Studio Version 17
VisualStudioVersion = 17.8.34330.188
MinimumVisualStudioVersion = 10.0.40219.1
Project("{9A19103F-16F7-4668-BE54-9A1E7A4F7556}") = "RocketCV", "RocketCV\RocketCV.csproj", "{5F5BC7BA-22EB-4F6B-9C6F-9C0F357DDB9E}"
EndProject
Project("{9A19103F-16F7-4668-BE54-9A1E7A4F7556}") = "RocketCV.Services", "RocketCV.Services\RocketCV.Services.csproj", "{5984952E-39E0-43C7-B5D4-9D0D9FB8F4C1}"
EndProject
Project("{9A19103F-16F7-4668-BE54-9A1E7A4F7556}") = "RocketCV.Models", "RocketCV.Models\RocketCV.Models.csproj", "{4E5F0C35-D86D-406C-B744-212A7650AED4}"
EndProject
Project("{9A19103F-16F7-4668-BE54-9A1E7A4F7556}") = "RocketCV.Data", "RocketCV.Data\RocketCV.Data.csproj", "{09D732D3-E7DE-4B8A-BC9B-4BD34E107376}"
EndProject
Project("{9A19103F-16F7-4668-BE54-9A1E7A4F7556}") = "RocketCV.Tests", "RocketCV.Tests\RocketCV.Tests.csproj", "{F07EC9CC-1BC8-4658-9DB8-4FEED2159F5F}"
EndProject
Project("{E53339B2-1760-4266-BCC7-CA923CBCF16C}") = "docker-compose", "docker-compose.dcproj", "{5A6627F0-5E2D-40B9-A792-B94D64597A1E}"
EndProject
Project("{54A90642-561A-4BB1-A94E-469ADEE60C69}") = "Rocketcv.Frontend", "RocketCV.Frontend\Rocketcv.Frontend.esproj", "{0C50DD83-0272-4A90-BDFA-D697ABEFBE69}"
EndProject
Project("{FAE04EC0-301F-11D3-BF4B-00C04F79EFBC}") = "RocketCV.Utils", "RocketCV.Utils\RocketCV.Utils.csproj", "{9135160F-8EFF-41C8-A7CB-4C5492192D89}"
EndProject
Global
	GlobalSection(SolutionConfigurationPlatforms) = preSolution
		Debug|Any CPU = Debug|Any CPU
		Release|Any CPU = Release|Any CPU
	EndGlobalSection
	GlobalSection(ProjectConfigurationPlatforms) = postSolution
		{5F5BC7BA-22EB-4F6B-9C6F-9C0F357DDB9E}.Debug|Any CPU.ActiveCfg = Debug|Any CPU
		{5F5BC7BA-22EB-4F6B-9C6F-9C0F357DDB9E}.Debug|Any CPU.Build.0 = Debug|Any CPU
		{5F5BC7BA-22EB-4F6B-9C6F-9C0F357DDB9E}.Release|Any CPU.ActiveCfg = Release|Any CPU
		{5F5BC7BA-22EB-4F6B-9C6F-9C0F357DDB9E}.Release|Any CPU.Build.0 = Release|Any CPU
		{5984952E-39E0-43C7-B5D4-9D0D9FB8F4C1}.Debug|Any CPU.ActiveCfg = Debug|Any CPU
		{5984952E-39E0-43C7-B5D4-9D0D9FB8F4C1}.Debug|Any CPU.Build.0 = Debug|Any CPU
		{5984952E-39E0-43C7-B5D4-9D0D9FB8F4C1}.Release|Any CPU.ActiveCfg = Release|Any CPU
		{5984952E-39E0-43C7-B5D4-9D0D9FB8F4C1}.Release|Any CPU.Build.0 = Release|Any CPU
		{4E5F0C35-D86D-406C-B744-212A7650AED4}.Debug|Any CPU.ActiveCfg = Debug|Any CPU
		{4E5F0C35-D86D-406C-B744-212A7650AED4}.Debug|Any CPU.Build.0 = Debug|Any CPU
		{4E5F0C35-D86D-406C-B744-212A7650AED4}.Release|Any CPU.ActiveCfg = Release|Any CPU
		{4E5F0C35-D86D-406C-B744-212A7650AED4}.Release|Any CPU.Build.0 = Release|Any CPU
		{09D732D3-E7DE-4B8A-BC9B-4BD34E107376}.Debug|Any CPU.ActiveCfg = Debug|Any CPU
		{09D732D3-E7DE-4B8A-BC9B-4BD34E107376}.Debug|Any CPU.Build.0 = Debug|Any CPU
		{09D732D3-E7DE-4B8A-BC9B-4BD34E107376}.Release|Any CPU.ActiveCfg = Release|Any CPU
		{09D732D3-E7DE-4B8A-BC9B-4BD34E107376}.Release|Any CPU.Build.0 = Release|Any CPU
		{F07EC9CC-1BC8-4658-9DB8-4FEED2159F5F}.Debug|Any CPU.ActiveCfg = Debug|Any CPU
		{F07EC9CC-1BC8-4658-9DB8-4FEED2159F5F}.Debug|Any CPU.Build.0 = Debug|Any CPU
		{F07EC9CC-1BC8-4658-9DB8-4FEED2159F5F}.Release|Any CPU.ActiveCfg = Release|Any CPU
		{F07EC9CC-1BC8-4658-9DB8-4FEED2159F5F}.Release|Any CPU.Build.0 = Release|Any CPU
		{5A6627F0-5E2D-40B9-A792-B94D64597A1E}.Debug|Any CPU.ActiveCfg = Debug|Any CPU
		{5A6627F0-5E2D-40B9-A792-B94D64597A1E}.Debug|Any CPU.Build.0 = Debug|Any CPU
		{5A6627F0-5E2D-40B9-A792-B94D64597A1E}.Release|Any CPU.ActiveCfg = Release|Any CPU
		{5A6627F0-5E2D-40B9-A792-B94D64597A1E}.Release|Any CPU.Build.0 = Release|Any CPU
		{0C50DD83-0272-4A90-BDFA-D697ABEFBE69}.Debug|Any CPU.ActiveCfg = Debug|Any CPU
		{0C50DD83-0272-4A90-BDFA-D697ABEFBE69}.Debug|Any CPU.Build.0 = Debug|Any CPU
		{0C50DD83-0272-4A90-BDFA-D697ABEFBE69}.Debug|Any CPU.Deploy.0 = Debug|Any CPU
		{0C50DD83-0272-4A90-BDFA-D697ABEFBE69}.Release|Any CPU.ActiveCfg = Release|Any CPU
		{0C50DD83-0272-4A90-BDFA-D697ABEFBE69}.Release|Any CPU.Build.0 = Release|Any CPU
		{0C50DD83-0272-4A90-BDFA-D697ABEFBE69}.Release|Any CPU.Deploy.0 = Release|Any CPU
		{9135160F-8EFF-41C8-A7CB-4C5492192D89}.Debug|Any CPU.ActiveCfg = Debug|Any CPU
		{9135160F-8EFF-41C8-A7CB-4C5492192D89}.Debug|Any CPU.Build.0 = Debug|Any CPU
		{9135160F-8EFF-41C8-A7CB-4C5492192D89}.Release|Any CPU.ActiveCfg = Release|Any CPU
		{9135160F-8EFF-41C8-A7CB-4C5492192D89}.Release|Any CPU.Build.0 = Release|Any CPU
	EndGlobalSection
	GlobalSection(SolutionProperties) = preSolution
		HideSolutionNode = FALSE
	EndGlobalSection
	GlobalSection(ExtensibilityGlobals) = postSolution
		SolutionGuid = {26EC6A10-71DF-40C8-982D-16BD20D20F29}
	EndGlobalSection
EndGlobal
